
Microsoft Visual Studio Solution File, Format Version 12.00
# Visual Studio 15
VisualStudioVersion = 15.0.28307.421
MinimumVisualStudioVersion = 10.0.40219.1
Project("{FAE04EC0-301F-11D3-BF4B-00C04F79EFBC}") = "SkillTree0706", "SkillTree0706\SkillTree0706.csproj", "{43809BBA-9FF7-499A-A0B2-E78357989076}"
EndProject
Global
	GlobalSection(SolutionConfigurationPlatforms) = preSolution
		Debug|Any CPU = Debug|Any CPU
		Release|Any CPU = Release|Any CPU
	EndGlobalSection
	GlobalSection(ProjectConfigurationPlatforms) = postSolution
		{43809BBA-9FF7-499A-A0B2-E78357989076}.Debug|Any CPU.ActiveCfg = Debug|Any CPU
		{43809BBA-9FF7-499A-A0B2-E78357989076}.Debug|Any CPU.Build.0 = Debug|Any CPU
		{43809BBA-9FF7-499A-A0B2-E78357989076}.Release|Any CPU.ActiveCfg = Release|Any CPU
		{43809BBA-9FF7-499A-A0B2-E78357989076}.Release|Any CPU.Build.0 = Release|Any CPU
	EndGlobalSection
	GlobalSection(SolutionProperties) = preSolution
		HideSolutionNode = FALSE
	EndGlobalSection
	GlobalSection(ExtensibilityGlobals) = postSolution
		SolutionGuid = {1973DC66-FA41-4D0C-B629-BE6AD51078F4}
	EndGlobalSection
EndGlobal
